
Microsoft Visual Studio Solution File, Format Version 12.00
# Visual Studio Version 17
VisualStudioVersion = 17.5.33414.496
MinimumVisualStudioVersion = 10.0.40219.1
Project("{FAE04EC0-301F-11D3-BF4B-00C04F79EFBC}") = "graph", "graph\graph.csproj", "{A4E8059B-F71E-4F12-896E-20E08512EE24}"
EndProject
Global
	GlobalSection(SolutionConfigurationPlatforms) = preSolution
		Debug|Any CPU = Debug|Any CPU
		Release|Any CPU = Release|Any CPU
	EndGlobalSection
	GlobalSection(ProjectConfigurationPlatforms) = postSolution
		{A4E8059B-F71E-4F12-896E-20E08512EE24}.Debug|Any CPU.ActiveCfg = Debug|Any CPU
		{A4E8059B-F71E-4F12-896E-20E08512EE24}.Debug|Any CPU.Build.0 = Debug|Any CPU
		{A4E8059B-F71E-4F12-896E-20E08512EE24}.Release|Any CPU.ActiveCfg = Release|Any CPU
		{A4E8059B-F71E-4F12-896E-20E08512EE24}.Release|Any CPU.Build.0 = Release|Any CPU
	EndGlobalSection
	GlobalSection(SolutionProperties) = preSolution
		HideSolutionNode = FALSE
	EndGlobalSection
	GlobalSection(ExtensibilityGlobals) = postSolution
		SolutionGuid = {B1C320D8-FB77-4909-B634-E5E140C6A4BD}
	EndGlobalSection
EndGlobal
